{
  "nodes": {
    "flake-compat": {
      "flake": false,
      "locked": {
        "lastModified": 1747046372,
        "narHash": "sha256-CIVLLkVgvHYbgI2UpXvIIBJ12HWgX+fjA8Xf8PUmqCY=",
        "owner": "edolstra",
        "repo": "flake-compat",
        "rev": "9100a0f413b0c601e0533d1d94ffd501ce2e7885",
        "type": "github"
      },
      "original": {
        "owner": "edolstra",
        "repo": "flake-compat",
        "type": "github"
      }
    },
    "flake-parts": {
      "inputs": {
        "nixpkgs-lib": "nixpkgs-lib"
      },
      "locked": {
        "lastModified": 1760813311,
        "narHash": "sha256-lbHQ7FXGzt6/IygWvJ1lCq+Txcut3xYYd6VIpF1ojkg=",
        "owner": "hercules-ci",
        "repo": "flake-parts",
        "rev": "4e627ac2e1b8f1de7f5090064242de9a259dbbc8",
        "type": "github"
      },
      "original": {
        "owner": "hercules-ci",
        "repo": "flake-parts",
        "type": "github"
      }
    },
    "git-hooks-nix": {
      "inputs": {
        "flake-compat": "flake-compat",
        "gitignore": "gitignore",
        "nixpkgs": "nixpkgs"
      },
      "locked": {
        "lastModified": 1760663237,
        "narHash": "sha256-BflA6U4AM1bzuRMR8QqzPXqh8sWVCNDzOdsxXEguJIc=",
        "owner": "cachix",
        "repo": "git-hooks.nix",
        "rev": "ca5b894d3e3e151ffc1db040b6ce4dcc75d31c37",
        "type": "github"
      },
      "original": {
        "owner": "cachix",
        "repo": "git-hooks.nix",
        "type": "github"
      }
    },
    "gitignore": {
      "inputs": {
        "nixpkgs": [
          "git-hooks-nix",
          "nixpkgs"
        ]
      },
      "locked": {
        "lastModified": 1709087332,
        "narHash": "sha256-HG2cCnktfHsKV0s4XW83gU3F57gaTljL9KNSuG6bnQs=",
        "owner": "hercules-ci",
        "repo": "gitignore.nix",
        "rev": "637db329424fd7e46cf4185293b9cc8c88c95394",
        "type": "github"
      },
      "original": {
        "owner": "hercules-ci",
        "repo": "gitignore.nix",
        "type": "github"
      }
    },
    "nixpkgs": {
      "locked": {
        "lastModified": 1759070547,
        "narHash": "sha256-JVZl8NaVRYb0+381nl7LvPE+A774/dRpif01FKLrYFQ=",
        "owner": "NixOS",
        "repo": "nixpkgs",
        "rev": "647e5c14cbd5067f44ac86b74f014962df460840",
        "type": "github"
      },
      "original": {
        "owner": "NixOS",
        "ref": "nixpkgs-unstable",
        "repo": "nixpkgs",
        "type": "github"
      }
    },
    "nixpkgs-lib": {
      "locked": {
        "lastModified": 1754788789,
        "narHash": "sha256-x2rJ+Ovzq0sCMpgfgGaaqgBSwY+LST+WbZ6TytnT9Rk=",
        "owner": "nix-community",
        "repo": "nixpkgs.lib",
        "rev": "a73b9c743612e4244d865a2fdee11865283c04e6",
        "type": "github"
      },
      "original": {
        "owner": "nix-community",
        "repo": "nixpkgs.lib",
        "type": "github"
      }
    },
    "nixpkgs_2": {
      "locked": {
        "lastModified": 1760782043,
        "narHash": "sha256-+4A1SFln9wOCoUZM0mQfKefP1uRVmjz6bV5SPbl1Q/4=",
        "owner": "NixOS",
        "repo": "nixpkgs",
        "rev": "36226520e9f7a35bf341cbe3b6a1ff9047bec6d9",
        "type": "github"
      },
      "original": {
        "owner": "NixOS",
        "ref": "nixpkgs-unstable",
        "repo": "nixpkgs",
        "type": "github"
      }
    },
    "nixpkgs_3": {
      "locked": {
        "lastModified": 1754340878,
        "narHash": "sha256-lgmUyVQL9tSnvvIvBp7x1euhkkCho7n3TMzgjdvgPoU=",
        "owner": "nixos",
        "repo": "nixpkgs",
        "rev": "cab778239e705082fe97bb4990e0d24c50924c04",
        "type": "github"
      },
      "original": {
        "owner": "nixos",
        "ref": "nixpkgs-unstable",
        "repo": "nixpkgs",
        "type": "github"
      }
    },
    "process-compose-flake": {
      "locked": {
        "lastModified": 1758658658,
        "narHash": "sha256-y5GSCqlGe/uZzlocCPZcjc7Gj+mTq7m0P6xPGx88+No=",
        "owner": "Platonic-Systems",
        "repo": "process-compose-flake",
        "rev": "e968a94633788f5d9595d727f41c2baf0714be7b",
        "type": "github"
      },
      "original": {
        "owner": "Platonic-Systems",
        "repo": "process-compose-flake",
        "type": "github"
      }
    },
    "root": {
      "inputs": {
        "flake-parts": "flake-parts",
        "git-hooks-nix": "git-hooks-nix",
        "nixpkgs": "nixpkgs_2",
        "process-compose-flake": "process-compose-flake",
        "rust-overlay": "rust-overlay",
        "services-flake": "services-flake",
        "treefmt-nix": "treefmt-nix"
      }
    },
    "rust-overlay": {
      "inputs": {
        "nixpkgs": [
          "nixpkgs"
        ]
      },
      "locked": {
        "lastModified": 1760841560,
        "narHash": "sha256-NVOl5Lk1QD+i4I4My4f85yjXBinu+OXOUWskPNtzKHs=",
        "owner": "oxalica",
        "repo": "rust-overlay",
        "rev": "a9121dc4ccd63e0309426b91bd7a494189516274",
        "type": "github"
      },
      "original": {
        "owner": "oxalica",
        "repo": "rust-overlay",
        "type": "github"
      }
    },
    "services-flake": {
      "locked": {
        "lastModified": 1760835177,
        "narHash": "sha256-lxyY3jIEtit/LDYWRji8I9lXXFABNi1U/hYz/Z6ZUMY=",
        "owner": "juspay",
        "repo": "services-flake",
        "rev": "67c19a92dc26b63b73844384958560bedea94f31",
        "type": "github"
      },
      "original": {
        "owner": "juspay",
        "repo": "services-flake",
        "type": "github"
      }
    },
    "treefmt-nix": {
      "inputs": {
        "nixpkgs": "nixpkgs_3"
      },
      "locked": {
        "lastModified": 1760802554,
        "narHash": "sha256-5YkOYOCF8/XNw89/ABKFB0c/P78U2EVuKRDGTql6+kA=",
        "owner": "numtide",
        "repo": "treefmt-nix",
        "rev": "296ebf0c3668ebceb3b0bfee55298f112b4b5754",
        "type": "github"
      },
      "original": {
        "owner": "numtide",
        "repo": "treefmt-nix",
        "type": "github"
      }
    }
  },
  "root": "root",
  "version": 7
}
